// !$*UTF8*$!
{
	archiveVersion = 1;
	classes = {
	};
	objectVersion = 50;
	objects = {

/* Begin PBXBuildFile section */
		C2689EED25D69E76009C28A4 /* AppDelegate.swift in Sources */ = {isa = PBXBuildFile; fileRef = C2689EEC25D69E76009C28A4 /* AppDelegate.swift */; };
		C2689EEF25D69E76009C28A4 /* SceneDelegate.swift in Sources */ = {isa = PBXBuildFile; fileRef = C2689EEE25D69E76009C28A4 /* SceneDelegate.swift */; };
		C2689EF125D69E76009C28A4 /* ViewController.swift in Sources */ = {isa = PBXBuildFile; fileRef = C2689EF025D69E76009C28A4 /* ViewController.swift */; };
		C2689EF425D69E76009C28A4 /* Main.storyboard in Resources */ = {isa = PBXBuildFile; fileRef = C2689EF225D69E76009C28A4 /* Main.storyboard */; };
		C2689EF625D69E78009C28A4 /* Assets.xcassets in Resources */ = {isa = PBXBuildFile; fileRef = C2689EF525D69E78009C28A4 /* Assets.xcassets */; };
		C2689EF925D69E78009C28A4 /* LaunchScreen.storyboard in Resources */ = {isa = PBXBuildFile; fileRef = C2689EF725D69E78009C28A4 /* LaunchScreen.storyboard */; };
		C2689F0425D69E78009C28A4 /* testProjectTests.swift in Sources */ = {isa = PBXBuildFile; fileRef = C2689F0325D69E78009C28A4 /* testProjectTests.swift */; };
		C2689F0F25D69E79009C28A4 /* testProjectUITests.swift in Sources */ = {isa = PBXBuildFile; fileRef = C2689F0E25D69E79009C28A4 /* testProjectUITests.swift */; };
/* End PBXBuildFile section */

/* Begin PBXContainerItemProxy section */
		C2689F0025D69E78009C28A4 /* PBXContainerItemProxy */ = {
			isa = PBXContainerItemProxy;
			containerPortal = C2689EE125D69E76009C28A4 /* Project object */;
			proxyType = 1;
			remoteGlobalIDString = C2689EE825D69E76009C28A4;
			remoteInfo = testProject;
		};
		C2689F0B25D69E79009C28A4 /* PBXContainerItemProxy */ = {
			isa = PBXContainerItemProxy;
			containerPortal = C2689EE125D69E76009C28A4 /* Project object */;
			proxyType = 1;
			remoteGlobalIDString = C2689EE825D69E76009C28A4;
			remoteInfo = testProject;
		};
/* End PBXContainerItemProxy section */

/* Begin PBXFileReference section */
		C2689EE925D69E76009C28A4 /* testProject.app */ = {isa = PBXFileReference; explicitFileType = wrapper.application; includeInIndex = 0; path = testProject.app; sourceTree = BUILT_PRODUCTS_DIR; };
		C2689EEC25D69E76009C28A4 /* AppDelegate.swift */ = {isa = PBXFileReference; lastKnownFileType = sourcecode.swift; path = AppDelegate.swift; sourceTree = "<group>"; };
		C2689EEE25D69E76009C28A4 /* SceneDelegate.swift */ = {isa = PBXFileReference; lastKnownFileType = sourcecode.swift; path = SceneDelegate.swift; sourceTree = "<group>"; };
		C2689EF025D69E76009C28A4 /* ViewController.swift */ = {isa = PBXFileReference; lastKnownFileType = sourcecode.swift; path = ViewController.swift; sourceTree = "<group>"; };
		C2689EF325D69E76009C28A4 /* Base */ = {isa = PBXFileReference; lastKnownFileType = file.storyboard; name = Base; path = Base.lproj/Main.storyboard; sourceTree = "<group>"; };
		C2689EF525D69E78009C28A4 /* Assets.xcassets */ = {isa = PBXFileReference; lastKnownFileType = folder.assetcatalog; path = Assets.xcassets; sourceTree = "<group>"; };
		C2689EF825D69E78009C28A4 /* Base */ = {isa = PBXFileReference; lastKnownFileType = file.storyboard; name = Base; path = Base.lproj/LaunchScreen.storyboard; sourceTree = "<group>"; };
		C2689EFA25D69E78009C28A4 /* Info.plist */ = {isa = PBXFileReference; lastKnownFileType = text.plist.xml; path = Info.plist; sourceTree = "<group>"; };
		C2689EFF25D69E78009C28A4 /* testProjectTests.xctest */ = {isa = PBXFileReference; explicitFileType = wrapper.cfbundle; includeInIndex = 0; path = testProjectTests.xctest; sourceTree = BUILT_PRODUCTS_DIR; };
		C2689F0325D69E78009C28A4 /* testProjectTests.swift */ = {isa = PBXFileReference; lastKnownFileType = sourcecode.swift; path = testProjectTests.swift; sourceTree = "<group>"; };
		C2689F0525D69E78009C28A4 /* Info.plist */ = {isa = PBXFileReference; lastKnownFileType = text.plist.xml; path = Info.plist; sourceTree = "<group>"; };
		C2689F0A25D69E79009C28A4 /* testProjectUITests.xctest */ = {isa = PBXFileReference; explicitFileType = wrapper.cfbundle; includeInIndex = 0; path = testProjectUITests.xctest; sourceTree = BUILT_PRODUCTS_DIR; };
		C2689F0E25D69E79009C28A4 /* testProjectUITests.swift */ = {isa = PBXFileReference; lastKnownFileType = sourcecode.swift; path = testProjectUITests.swift; sourceTree = "<group>"; };
		C2689F1025D69E79009C28A4 /* Info.plist */ = {isa = PBXFileReference; lastKnownFileType = text.plist.xml; path = Info.plist; sourceTree = "<group>"; };
/* End PBXFileReference section */

/* Begin PBXFrameworksBuildPhase section */
		C2689EE625D69E76009C28A4 /* Frameworks */ = {
			isa = PBXFrameworksBuildPhase;
			buildActionMask = 2147483647;
			files = (
			);
			runOnlyForDeploymentPostprocessing = 0;
		};
		C2689EFC25D69E78009C28A4 /* Frameworks */ = {
			isa = PBXFrameworksBuildPhase;
			buildActionMask = 2147483647;
			files = (
			);
			runOnlyForDeploymentPostprocessing = 0;
		};
		C2689F0725D69E79009C28A4 /* Frameworks */ = {
			isa = PBXFrameworksBuildPhase;
			buildActionMask = 2147483647;
			files = (
			);
			runOnlyForDeploymentPostprocessing = 0;
		};
/* End PBXFrameworksBuildPhase section */

/* Begin PBXGroup section */
		C2689EE025D69E76009C28A4 = {
			isa = PBXGroup;
			children = (
				C2689EEB25D69E76009C28A4 /* testProject */,
				C2689F0225D69E78009C28A4 /* testProjectTests */,
				C2689F0D25D69E79009C28A4 /* testProjectUITests */,
				C2689EEA25D69E76009C28A4 /* Products */,
			);
			sourceTree = "<group>";
		};
		C2689EEA25D69E76009C28A4 /* Products */ = {
			isa = PBXGroup;
			children = (
				C2689EE925D69E76009C28A4 /* testProject.app */,
				C2689EFF25D69E78009C28A4 /* testProjectTests.xctest */,
				C2689F0A25D69E79009C28A4 /* testProjectUITests.xctest */,
			);
			name = Products;
			sourceTree = "<group>";
		};
		C2689EEB25D69E76009C28A4 /* testProject */ = {
			isa = PBXGroup;
			children = (
				C2689EEC25D69E76009C28A4 /* AppDelegate.swift */,
				C2689EEE25D69E76009C28A4 /* SceneDelegate.swift */,
				C2689EF025D69E76009C28A4 /* ViewController.swift */,
				C2689EF225D69E76009C28A4 /* Main.storyboard */,
				C2689EF525D69E78009C28A4 /* Assets.xcassets */,
				C2689EF725D69E78009C28A4 /* LaunchScreen.storyboard */,
				C2689EFA25D69E78009C28A4 /* Info.plist */,
			);
			path = testProject;
			sourceTree = "<group>";
		};
		C2689F0225D69E78009C28A4 /* testProjectTests */ = {
			isa = PBXGroup;
			children = (
				C2689F0325D69E78009C28A4 /* testProjectTests.swift */,
				C2689F0525D69E78009C28A4 /* Info.plist */,
			);
			path = testProjectTests;
			sourceTree = "<group>";
		};
		C2689F0D25D69E79009C28A4 /* testProjectUITests */ = {
			isa = PBXGroup;
			children = (
				C2689F0E25D69E79009C28A4 /* testProjectUITests.swift */,
				C2689F1025D69E79009C28A4 /* Info.plist */,
			);
			path = testProjectUITests;
			sourceTree = "<group>";
		};
/* End PBXGroup section */

/* Begin PBXNativeTarget section */
		C2689EE825D69E76009C28A4 /* testProject */ = {
			isa = PBXNativeTarget;
			buildConfigurationList = C2689F1325D69E79009C28A4 /* Build configuration list for PBXNativeTarget "testProject" */;
			buildPhases = (
				C2689EE525D69E76009C28A4 /* Sources */,
				C2689EE625D69E76009C28A4 /* Frameworks */,
				C2689EE725D69E76009C28A4 /* Resources */,
			);
			buildRules = (
			);
			dependencies = (
			);
			name = testProject;
			productName = testProject;
			productReference = C2689EE925D69E76009C28A4 /* testProject.app */;
			productType = "com.apple.product-type.application";
		};
		C2689EFE25D69E78009C28A4 /* testProjectTests */ = {
			isa = PBXNativeTarget;
			buildConfigurationList = C2689F1625D69E79009C28A4 /* Build configuration list for PBXNativeTarget "testProjectTests" */;
			buildPhases = (
				C2689EFB25D69E78009C28A4 /* Sources */,
				C2689EFC25D69E78009C28A4 /* Frameworks */,
				C2689EFD25D69E78009C28A4 /* Resources */,
			);
			buildRules = (
			);
			dependencies = (
				C2689F0125D69E78009C28A4 /* PBXTargetDependency */,
			);
			name = testProjectTests;
			productName = testProjectTests;
			productReference = C2689EFF25D69E78009C28A4 /* testProjectTests.xctest */;
			productType = "com.apple.product-type.bundle.unit-test";
		};
		C2689F0925D69E79009C28A4 /* testProjectUITests */ = {
			isa = PBXNativeTarget;
			buildConfigurationList = C2689F1925D69E79009C28A4 /* Build configuration list for PBXNativeTarget "testProjectUITests" */;
			buildPhases = (
				C2689F0625D69E79009C28A4 /* Sources */,
				C2689F0725D69E79009C28A4 /* Frameworks */,
				C2689F0825D69E79009C28A4 /* Resources */,
			);
			buildRules = (
			);
			dependencies = (
				C2689F0C25D69E79009C28A4 /* PBXTargetDependency */,
			);
			name = testProjectUITests;
			productName = testProjectUITests;
			productReference = C2689F0A25D69E79009C28A4 /* testProjectUITests.xctest */;
			productType = "com.apple.product-type.bundle.ui-testing";
		};
/* End PBXNativeTarget section */

/* Begin PBXProject section */
		C2689EE125D69E76009C28A4 /* Project object */ = {
			isa = PBXProject;
			attributes = {
				LastSwiftUpdateCheck = 1230;
				LastUpgradeCheck = 1230;
				TargetAttributes = {
					C2689EE825D69E76009C28A4 = {
						CreatedOnToolsVersion = 12.3;
					};
					C2689EFE25D69E78009C28A4 = {
						CreatedOnToolsVersion = 12.3;
						TestTargetID = C2689EE825D69E76009C28A4;
					};
					C2689F0925D69E79009C28A4 = {
						CreatedOnToolsVersion = 12.3;
						TestTargetID = C2689EE825D69E76009C28A4;
					};
				};
			};
			buildConfigurationList = C2689EE425D69E76009C28A4 /* Build configuration list for PBXProject "testProject" */;
			compatibilityVersion = "Xcode 9.3";
			developmentRegion = en;
			hasScannedForEncodings = 0;
			knownRegions = (
				en,
				Base,
			);
			mainGroup = C2689EE025D69E76009C28A4;
			productRefGroup = C2689EEA25D69E76009C28A4 /* Products */;
			projectDirPath = "";
			projectRoot = "";
			targets = (
				C2689EE825D69E76009C28A4 /* testProject */,
				C2689EFE25D69E78009C28A4 /* testProjectTests */,
				C2689F0925D69E79009C28A4 /* testProjectUITests */,
			);
		};
/* End PBXProject section */

/* Begin PBXResourcesBuildPhase section */
		C2689EE725D69E76009C28A4 /* Resources */ = {
			isa = PBXResourcesBuildPhase;
			buildActionMask = 2147483647;
			files = (
				C2689EF925D69E78009C28A4 /* LaunchScreen.storyboard in Resources */,
				C2689EF625D69E78009C28A4 /* Assets.xcassets in Resources */,
				C2689EF425D69E76009C28A4 /* Main.storyboard in Resources */,
			);
			runOnlyForDeploymentPostprocessing = 0;
		};
		C2689EFD25D69E78009C28A4 /* Resources */ = {
			isa = PBXResourcesBuildPhase;
			buildActionMask = 2147483647;
			files = (
			);
			runOnlyForDeploymentPostprocessing = 0;
		};
		C2689F0825D69E79009C28A4 /* Resources */ = {
			isa = PBXResourcesBuildPhase;
			buildActionMask = 2147483647;
			files = (
			);
			runOnlyForDeploymentPostprocessing = 0;
		};
/* End PBXResourcesBuildPhase section */

/* Begin PBXSourcesBuildPhase section */
		C2689EE525D69E76009C28A4 /* Sources */ = {
			isa = PBXSourcesBuildPhase;
			buildActionMask = 2147483647;
			files = (
				C2689EF125D69E76009C28A4 /* ViewController.swift in Sources */,
				C2689EED25D69E76009C28A4 /* AppDelegate.swift in Sources */,
				C2689EEF25D69E76009C28A4 /* SceneDelegate.swift in Sources */,
			);
			runOnlyForDeploymentPostprocessing = 0;
		};
		C2689EFB25D69E78009C28A4 /* Sources */ = {
			isa = PBXSourcesBuildPhase;
			buildActionMask = 2147483647;
			files = (
				C2689F0425D69E78009C28A4 /* testProjectTests.swift in Sources */,
			);
			runOnlyForDeploymentPostprocessing = 0;
		};
		C2689F0625D69E79009C28A4 /* Sources */ = {
			isa = PBXSourcesBuildPhase;
			buildActionMask = 2147483647;
			files = (
				C2689F0F25D69E79009C28A4 /* testProjectUITests.swift in Sources */,
			);
			runOnlyForDeploymentPostprocessing = 0;
		};
/* End PBXSourcesBuildPhase section */

/* Begin PBXTargetDependency section */
		C2689F0125D69E78009C28A4 /* PBXTargetDependency */ = {
			isa = PBXTargetDependency;
			target = C2689EE825D69E76009C28A4 /* testProject */;
			targetProxy = C2689F0025D69E78009C28A4 /* PBXContainerItemProxy */;
		};
		C2689F0C25D69E79009C28A4 /* PBXTargetDependency */ = {
			isa = PBXTargetDependency;
			target = C2689EE825D69E76009C28A4 /* testProject */;
			targetProxy = C2689F0B25D69E79009C28A4 /* PBXContainerItemProxy */;
		};
/* End PBXTargetDependency section */

/* Begin PBXVariantGroup section */
		C2689EF225D69E76009C28A4 /* Main.storyboard */ = {
			isa = PBXVariantGroup;
			children = (
				C2689EF325D69E76009C28A4 /* Base */,
			);
			name = Main.storyboard;
			sourceTree = "<group>";
		};
		C2689EF725D69E78009C28A4 /* LaunchScreen.storyboard */ = {
			isa = PBXVariantGroup;
			children = (
				C2689EF825D69E78009C28A4 /* Base */,
			);
			name = LaunchScreen.storyboard;
			sourceTree = "<group>";
		};
/* End PBXVariantGroup section */

/* Begin XCBuildConfiguration section */
		C2689F1125D69E79009C28A4 /* Debug */ = {
			isa = XCBuildConfiguration;
			buildSettings = {
				ALWAYS_SEARCH_USER_PATHS = NO;
				CLANG_ANALYZER_NONNULL = YES;
				CLANG_ANALYZER_NUMBER_OBJECT_CONVERSION = YES_AGGRESSIVE;
				CLANG_CXX_LANGUAGE_STANDARD = "gnu++14";
				CLANG_CXX_LIBRARY = "libc++";
				CLANG_ENABLE_MODULES = YES;
				CLANG_ENABLE_OBJC_ARC = YES;
				CLANG_ENABLE_OBJC_WEAK = YES;
				CLANG_WARN_BLOCK_CAPTURE_AUTORELEASING = YES;
				CLANG_WARN_BOOL_CONVERSION = YES;
				CLANG_WARN_COMMA = YES;
				CLANG_WARN_CONSTANT_CONVERSION = YES;
				CLANG_WARN_DEPRECATED_OBJC_IMPLEMENTATIONS = YES;
				CLANG_WARN_DIRECT_OBJC_ISA_USAGE = YES_ERROR;
				CLANG_WARN_DOCUMENTATION_COMMENTS = YES;
				CLANG_WARN_EMPTY_BODY = YES;
				CLANG_WARN_ENUM_CONVERSION = YES;
				CLANG_WARN_INFINITE_RECURSION = YES;
				CLANG_WARN_INT_CONVERSION = YES;
				CLANG_WARN_NON_LITERAL_NULL_CONVERSION = YES;
				CLANG_WARN_OBJC_IMPLICIT_RETAIN_SELF = YES;
				CLANG_WARN_OBJC_LITERAL_CONVERSION = YES;
				CLANG_WARN_OBJC_ROOT_CLASS = YES_ERROR;
				CLANG_WARN_QUOTED_INCLUDE_IN_FRAMEWORK_HEADER = YES;
				CLANG_WARN_RANGE_LOOP_ANALYSIS = YES;
				CLANG_WARN_STRICT_PROTOTYPES = YES;
				CLANG_WARN_SUSPICIOUS_MOVE = YES;
				CLANG_WARN_UNGUARDED_AVAILABILITY = YES_AGGRESSIVE;
				CLANG_WARN_UNREACHABLE_CODE = YES;
				CLANG_WARN__DUPLICATE_METHOD_MATCH = YES;
				COPY_PHASE_STRIP = NO;
				DEBUG_INFORMATION_FORMAT = dwarf;
				ENABLE_STRICT_OBJC_MSGSEND = YES;
				ENABLE_TESTABILITY = YES;
				GCC_C_LANGUAGE_STANDARD = gnu11;
				GCC_DYNAMIC_NO_PIC = NO;
				GCC_NO_COMMON_BLOCKS = YES;
				GCC_OPTIMIZATION_LEVEL = 0;
				GCC_PREPROCESSOR_DEFINITIONS = (
					"DEBUG=1",
					"$(inherited)",
				);
				GCC_WARN_64_TO_32_BIT_CONVERSION = YES;
				GCC_WARN_ABOUT_RETURN_TYPE = YES_ERROR;
				GCC_WARN_UNDECLARED_SELECTOR = YES;
				GCC_WARN_UNINITIALIZED_AUTOS = YES_AGGRESSIVE;
				GCC_WARN_UNUSED_FUNCTION = YES;
				GCC_WARN_UNUSED_VARIABLE = YES;
				IPHONEOS_DEPLOYMENT_TARGET = 14.3;
				MTL_ENABLE_DEBUG_INFO = INCLUDE_SOURCE;
				MTL_FAST_MATH = YES;
				ONLY_ACTIVE_ARCH = YES;
				SDKROOT = iphoneos;
				SWIFT_ACTIVE_COMPILATION_CONDITIONS = DEBUG;
				SWIFT_OPTIMIZATION_LEVEL = "-Onone";
			};
			name = Debug;
		};
		C2689F1225D69E79009C28A4 /* Release */ = {
			isa = XCBuildConfiguration;
			buildSettings = {
				ALWAYS_SEARCH_USER_PATHS = NO;
				CLANG_ANALYZER_NONNULL = YES;
				CLANG_ANALYZER_NUMBER_OBJECT_CONVERSION = YES_AGGRESSIVE;
				CLANG_CXX_LANGUAGE_STANDARD = "gnu++14";
				CLANG_CXX_LIBRARY = "libc++";
				CLANG_ENABLE_MODULES = YES;
				CLANG_ENABLE_OBJC_ARC = YES;
				CLANG_ENABLE_OBJC_WEAK = YES;
				CLANG_WARN_BLOCK_CAPTURE_AUTORELEASING = YES;
				CLANG_WARN_BOOL_CONVERSION = YES;
				CLANG_WARN_COMMA = YES;
				CLANG_WARN_CONSTANT_CONVERSION = YES;
				CLANG_WARN_DEPRECATED_OBJC_IMPLEMENTATIONS = YES;
				CLANG_WARN_DIRECT_OBJC_ISA_USAGE = YES_ERROR;
				CLANG_WARN_DOCUMENTATION_COMMENTS = YES;
				CLANG_WARN_EMPTY_BODY = YES;
				CLANG_WARN_ENUM_CONVERSION = YES;
				CLANG_WARN_INFINITE_RECURSION = YES;
				CLANG_WARN_INT_CONVERSION = YES;
				CLANG_WARN_NON_LITERAL_NULL_CONVERSION = YES;
				CLANG_WARN_OBJC_IMPLICIT_RETAIN_SELF = YES;
				CLANG_WARN_OBJC_LITERAL_CONVERSION = YES;
				CLANG_WARN_OBJC_ROOT_CLASS = YES_ERROR;
				CLANG_WARN_QUOTED_INCLUDE_IN_FRAMEWORK_HEADER = YES;
				CLANG_WARN_RANGE_LOOP_ANALYSIS = YES;
				CLANG_WARN_STRICT_PROTOTYPES = YES;
				CLANG_WARN_SUSPICIOUS_MOVE = YES;
				CLANG_WARN_UNGUARDED_AVAILABILITY = YES_AGGRESSIVE;
				CLANG_WARN_UNREACHABLE_CODE = YES;
				CLANG_WARN__DUPLICATE_METHOD_MATCH = YES;
				COPY_PHASE_STRIP = NO;
				DEBUG_INFORMATION_FORMAT = "dwarf-with-dsym";
				ENABLE_NS_ASSERTIONS = NO;
				ENABLE_STRICT_OBJC_MSGSEND = YES;
				GCC_C_LANGUAGE_STANDARD = gnu11;
				GCC_NO_COMMON_BLOCKS = YES;
				GCC_WARN_64_TO_32_BIT_CONVERSION = YES;
				GCC_WARN_ABOUT_RETURN_TYPE = YES_ERROR;
				GCC_WARN_UNDECLARED_SELECTOR = YES;
				GCC_WARN_UNINITIALIZED_AUTOS = YES_AGGRESSIVE;
				GCC_WARN_UNUSED_FUNCTION = YES;
				GCC_WARN_UNUSED_VARIABLE = YES;
				IPHONEOS_DEPLOYMENT_TARGET = 14.3;
				MTL_ENABLE_DEBUG_INFO = NO;
				MTL_FAST_MATH = YES;
				SDKROOT = iphoneos;
				SWIFT_COMPILATION_MODE = wholemodule;
				SWIFT_OPTIMIZATION_LEVEL = "-O";
				VALIDATE_PRODUCT = YES;
			};
			name = Release;
		};
		C2689F1425D69E79009C28A4 /* Debug */ = {
			isa = XCBuildConfiguration;
			buildSettings = {
				ASSETCATALOG_COMPILER_APPICON_NAME = AppIcon;
				ASSETCATALOG_COMPILER_GLOBAL_ACCENT_COLOR_NAME = AccentColor;
				CODE_SIGN_STYLE = Automatic;
				DEVELOPMENT_TEAM = 8D448H496X;
				INFOPLIST_FILE = testProject/Info.plist;
				LD_RUNPATH_SEARCH_PATHS = (
					"$(inherited)",
					"@executable_path/Frameworks",
				);
				PRODUCT_BUNDLE_IDENTIFIER = gerastupakov.testProject;
				PRODUCT_NAME = "$(TARGET_NAME)";
				SWIFT_VERSION = 5.0;
				TARGETED_DEVICE_FAMILY = "1,2";
			};
			name = Debug;
		};
		C2689F1525D69E79009C28A4 /* Release */ = {
			isa = XCBuildConfiguration;
			buildSettings = {
				ASSETCATALOG_COMPILER_APPICON_NAME = AppIcon;
				ASSETCATALOG_COMPILER_GLOBAL_ACCENT_COLOR_NAME = AccentColor;
				CODE_SIGN_STYLE = Automatic;
				DEVELOPMENT_TEAM = 8D448H496X;
				INFOPLIST_FILE = testProject/Info.plist;
				LD_RUNPATH_SEARCH_PATHS = (
					"$(inherited)",
					"@executable_path/Frameworks",
				);
				PRODUCT_BUNDLE_IDENTIFIER = gerastupakov.testProject;
				PRODUCT_NAME = "$(TARGET_NAME)";
				SWIFT_VERSION = 5.0;
				TARGETED_DEVICE_FAMILY = "1,2";
			};
			name = Release;
		};
		C2689F1725D69E79009C28A4 /* Debug */ = {
			isa = XCBuildConfiguration;
			buildSettings = {
				ALWAYS_EMBED_SWIFT_STANDARD_LIBRARIES = YES;
				BUNDLE_LOADER = "$(TEST_HOST)";
				CODE_SIGN_STYLE = Automatic;
				DEVELOPMENT_TEAM = 8D448H496X;
				INFOPLIST_FILE = testProjectTests/Info.plist;
				IPHONEOS_DEPLOYMENT_TARGET = 14.3;
				LD_RUNPATH_SEARCH_PATHS = (
					"$(inherited)",
					"@executable_path/Frameworks",
					"@loader_path/Frameworks",
				);
				PRODUCT_BUNDLE_IDENTIFIER = gerastupakov.testProjectTests;
				PRODUCT_NAME = "$(TARGET_NAME)";
				SWIFT_VERSION = 5.0;
				TARGETED_DEVICE_FAMILY = "1,2";
				TEST_HOST = "$(BUILT_PRODUCTS_DIR)/testProject.app/testProject";
			};
			name = Debug;
		};
		C2689F1825D69E79009C28A4 /* Release */ = {
			isa = XCBuildConfiguration;
			buildSettings = {
				ALWAYS_EMBED_SWIFT_STANDARD_LIBRARIES = YES;
				BUNDLE_LOADER = "$(TEST_HOST)";
				CODE_SIGN_STYLE = Automatic;
				DEVELOPMENT_TEAM = 8D448H496X;
				INFOPLIST_FILE = testProjectTests/Info.plist;
				IPHONEOS_DEPLOYMENT_TARGET = 14.3;
				LD_RUNPATH_SEARCH_PATHS = (
					"$(inherited)",
					"@executable_path/Frameworks",
					"@loader_path/Frameworks",
				);
				PRODUCT_BUNDLE_IDENTIFIER = gerastupakov.testProjectTests;
				PRODUCT_NAME = "$(TARGET_NAME)";
				SWIFT_VERSION = 5.0;
				TARGETED_DEVICE_FAMILY = "1,2";
				TEST_HOST = "$(BUILT_PRODUCTS_DIR)/testProject.app/testProject";
			};
			name = Release;
		};
		C2689F1A25D69E79009C28A4 /* Debug */ = {
			isa = XCBuildConfiguration;
			buildSettings = {
				ALWAYS_EMBED_SWIFT_STANDARD_LIBRARIES = YES;
				CODE_SIGN_STYLE = Automatic;
				DEVELOPMENT_TEAM = 8D448H496X;
				INFOPLIST_FILE = testProjectUITests/Info.plist;
				LD_RUNPATH_SEARCH_PATHS = (
					"$(inherited)",
					"@executable_path/Frameworks",
					"@loader_path/Frameworks",
				);
				PRODUCT_BUNDLE_IDENTIFIER = gerastupakov.testProjectUITests;
				PRODUCT_NAME = "$(TARGET_NAME)";
				SWIFT_VERSION = 5.0;
				TARGETED_DEVICE_FAMILY = "1,2";
				TEST_TARGET_NAME = testProject;
			};
			name = Debug;
		};
		C2689F1B25D69E79009C28A4 /* Release */ = {
			isa = XCBuildConfiguration;
			buildSettings = {
				ALWAYS_EMBED_SWIFT_STANDARD_LIBRARIES = YES;
				CODE_SIGN_STYLE = Automatic;
				DEVELOPMENT_TEAM = 8D448H496X;
				INFOPLIST_FILE = testProjectUITests/Info.plist;
				LD_RUNPATH_SEARCH_PATHS = (
					"$(inherited)",
					"@executable_path/Frameworks",
					"@loader_path/Frameworks",
				);
				PRODUCT_BUNDLE_IDENTIFIER = gerastupakov.testProjectUITests;
				PRODUCT_NAME = "$(TARGET_NAME)";
				SWIFT_VERSION = 5.0;
				TARGETED_DEVICE_FAMILY = "1,2";
				TEST_TARGET_NAME = testProject;
			};
			name = Release;
		};
/* End XCBuildConfiguration section */

/* Begin XCConfigurationList section */
		C2689EE425D69E76009C28A4 /* Build configuration list for PBXProject "testProject" */ = {
			isa = XCConfigurationList;
			buildConfigurations = (
				C2689F1125D69E79009C28A4 /* Debug */,
				C2689F1225D69E79009C28A4 /* Release */,
			);
			defaultConfigurationIsVisible = 0;
			defaultConfigurationName = Release;
		};
		C2689F1325D69E79009C28A4 /* Build configuration list for PBXNativeTarget "testProject" */ = {
			isa = XCConfigurationList;
			buildConfigurations = (
				C2689F1425D69E79009C28A4 /* Debug */,
				C2689F1525D69E79009C28A4 /* Release */,
			);
			defaultConfigurationIsVisible = 0;
			defaultConfigurationName = Release;
		};
		C2689F1625D69E79009C28A4 /* Build configuration list for PBXNativeTarget "testProjectTests" */ = {
			isa = XCConfigurationList;
			buildConfigurations = (
				C2689F1725D69E79009C28A4 /* Debug */,
				C2689F1825D69E79009C28A4 /* Release */,
			);
			defaultConfigurationIsVisible = 0;
			defaultConfigurationName = Release;
		};
		C2689F1925D69E79009C28A4 /* Build configuration list for PBXNativeTarget "testProjectUITests" */ = {
			isa = XCConfigurationList;
			buildConfigurations = (
				C2689F1A25D69E79009C28A4 /* Debug */,
				C2689F1B25D69E79009C28A4 /* Release */,
			);
			defaultConfigurationIsVisible = 0;
			defaultConfigurationName = Release;
		};
/* End XCConfigurationList section */
	};
	rootObject = C2689EE125D69E76009C28A4 /* Project object */;
}
